
Microsoft Visual Studio Solution File, Format Version 12.00
# Visual Studio Version 17
VisualStudioVersion = 17.9.34701.34
MinimumVisualStudioVersion = 10.0.40219.1
Project("{FAE04EC0-301F-11D3-BF4B-00C04F79EFBC}") = "MediaImporter", "MediaImporter.csproj", "{B9F968D1-B08E-4F81-AE60-9AA690882414}"
EndProject
Global
	GlobalSection(SolutionConfigurationPlatforms) = preSolution
		Debug|Any CPU = Debug|Any CPU
		Release|Any CPU = Release|Any CPU
	EndGlobalSection
	GlobalSection(ProjectConfigurationPlatforms) = postSolution
		{B9F968D1-B08E-4F81-AE60-9AA690882414}.Debug|Any CPU.ActiveCfg = Debug|Any CPU
		{B9F968D1-B08E-4F81-AE60-9AA690882414}.Debug|Any CPU.Build.0 = Debug|Any CPU
		{B9F968D1-B08E-4F81-AE60-9AA690882414}.Release|Any CPU.ActiveCfg = Release|Any CPU
		{B9F968D1-B08E-4F81-AE60-9AA690882414}.Release|Any CPU.Build.0 = Release|Any CPU
	EndGlobalSection
	GlobalSection(SolutionProperties) = preSolution
		HideSolutionNode = FALSE
	EndGlobalSection
	GlobalSection(ExtensibilityGlobals) = postSolution
		SolutionGuid = {7BD89249-BB74-476C-9DD4-935DC578AABB}
	EndGlobalSection
EndGlobal
